// !$*UTF8*$!
{
	archiveVersion = 1;
	classes = {
	};
	objectVersion = 50;
	objects = {

/* Begin PBXBuildFile section */
		2E230AE0215A70F500280871 /* AppDelegate.swift in Sources */ = {isa = PBXBuildFile; fileRef = 2E230ADF215A70F500280871 /* AppDelegate.swift */; };
		2E230AE2215A70F500280871 /* ViewController.swift in Sources */ = {isa = PBXBuildFile; fileRef = 2E230AE1215A70F500280871 /* ViewController.swift */; };
		2E230AE5215A70F500280871 /* Main.storyboard in Resources */ = {isa = PBXBuildFile; fileRef = 2E230AE3215A70F500280871 /* Main.storyboard */; };
		2E230AE7215A70F600280871 /* Assets.xcassets in Resources */ = {isa = PBXBuildFile; fileRef = 2E230AE6215A70F600280871 /* Assets.xcassets */; };
		2E230AEA215A70F600280871 /* LaunchScreen.storyboard in Resources */ = {isa = PBXBuildFile; fileRef = 2E230AE8215A70F600280871 /* LaunchScreen.storyboard */; };
		2E230AF2215A710800280871 /* Sample Menu.docx in Resources */ = {isa = PBXBuildFile; fileRef = 2E230AF1215A710800280871 /* Sample Menu.docx */; };
		2E230AF4215A712000280871 /* DocxParserViewController.swift in Sources */ = {isa = PBXBuildFile; fileRef = 2E230AF3215A712000280871 /* DocxParserViewController.swift */; };
		2E230AF6215A72F600280871 /* Menu.swift in Sources */ = {isa = PBXBuildFile; fileRef = 2E230AF5215A72F600280871 /* Menu.swift */; };
		2E230AF8215A73BD00280871 /* UIView+ConstraintHelpers.swift in Sources */ = {isa = PBXBuildFile; fileRef = 2E230AF7215A73BD00280871 /* UIView+ConstraintHelpers.swift */; };
		2ECE7B15215AA91C00239802 /* ShortcutsViewController.swift in Sources */ = {isa = PBXBuildFile; fileRef = 2ECE7B14215AA91C00239802 /* ShortcutsViewController.swift */; };
		2ECE7B27215AAB1B00239802 /* Intents.intentdefinition in Sources */ = {isa = PBXBuildFile; fileRef = 2ECE7B26215AAB1B00239802 /* Intents.intentdefinition */; };
		2ECE7B30215AB0DE00239802 /* IntentHandler.swift in Sources */ = {isa = PBXBuildFile; fileRef = 2ECE7B2F215AB0DE00239802 /* IntentHandler.swift */; };
		2ECE7B34215AB0DE00239802 /* Menu Intent.appex in Embed App Extensions */ = {isa = PBXBuildFile; fileRef = 2ECE7B2D215AB0DE00239802 /* Menu Intent.appex */; settings = {ATTRIBUTES = (RemoveHeadersOnCopy, ); }; };
		2ECE7B39215AB12500239802 /* MenuIntentHandler.swift in Sources */ = {isa = PBXBuildFile; fileRef = 2ECE7B38215AB12500239802 /* MenuIntentHandler.swift */; };
		2ECE7B3A215AB14800239802 /* Intents.intentdefinition in Sources */ = {isa = PBXBuildFile; fileRef = 2ECE7B26215AAB1B00239802 /* Intents.intentdefinition */; };
		2ECE7B3B215AB25600239802 /* Menu.swift in Sources */ = {isa = PBXBuildFile; fileRef = 2E230AF5215A72F600280871 /* Menu.swift */; };
		2ECE7B3D215AC27800239802 /* Assets.xcassets in Resources */ = {isa = PBXBuildFile; fileRef = 2E230AE6215A70F600280871 /* Assets.xcassets */; };
/* End PBXBuildFile section */

/* Begin PBXContainerItemProxy section */
		2ECE7B32215AB0DE00239802 /* PBXContainerItemProxy */ = {
			isa = PBXContainerItemProxy;
			containerPortal = 2E230AD4215A70F500280871 /* Project object */;
			proxyType = 1;
			remoteGlobalIDString = 2ECE7B2C215AB0DE00239802;
			remoteInfo = "Menu Intent";
		};
/* End PBXContainerItemProxy section */

/* Begin PBXCopyFilesBuildPhase section */
		2ECE7B25215AAB0100239802 /* Embed App Extensions */ = {
			isa = PBXCopyFilesBuildPhase;
			buildActionMask = 2147483647;
			dstPath = "";
			dstSubfolderSpec = 13;
			files = (
				2ECE7B34215AB0DE00239802 /* Menu Intent.appex in Embed App Extensions */,
			);
			name = "Embed App Extensions";
			runOnlyForDeploymentPostprocessing = 0;
		};
/* End PBXCopyFilesBuildPhase section */

/* Begin PBXFileReference section */
		2E230ADC215A70F500280871 /* Siri Menu.app */ = {isa = PBXFileReference; explicitFileType = wrapper.application; includeInIndex = 0; path = "Siri Menu.app"; sourceTree = BUILT_PRODUCTS_DIR; };
		2E230ADF215A70F500280871 /* AppDelegate.swift */ = {isa = PBXFileReference; lastKnownFileType = sourcecode.swift; path = AppDelegate.swift; sourceTree = "<group>"; };
		2E230AE1215A70F500280871 /* ViewController.swift */ = {isa = PBXFileReference; lastKnownFileType = sourcecode.swift; path = ViewController.swift; sourceTree = "<group>"; };
		2E230AE4215A70F500280871 /* Base */ = {isa = PBXFileReference; lastKnownFileType = file.storyboard; name = Base; path = Base.lproj/Main.storyboard; sourceTree = "<group>"; };
		2E230AE6215A70F600280871 /* Assets.xcassets */ = {isa = PBXFileReference; lastKnownFileType = folder.assetcatalog; path = Assets.xcassets; sourceTree = "<group>"; };
		2E230AE9215A70F600280871 /* Base */ = {isa = PBXFileReference; lastKnownFileType = file.storyboard; name = Base; path = Base.lproj/LaunchScreen.storyboard; sourceTree = "<group>"; };
		2E230AEB215A70F600280871 /* Info.plist */ = {isa = PBXFileReference; lastKnownFileType = text.plist.xml; path = Info.plist; sourceTree = "<group>"; };
		2E230AF1215A710800280871 /* Sample Menu.docx */ = {isa = PBXFileReference; lastKnownFileType = file; path = "Sample Menu.docx"; sourceTree = "<group>"; };
		2E230AF3215A712000280871 /* DocxParserViewController.swift */ = {isa = PBXFileReference; lastKnownFileType = sourcecode.swift; path = DocxParserViewController.swift; sourceTree = "<group>"; };
		2E230AF5215A72F600280871 /* Menu.swift */ = {isa = PBXFileReference; lastKnownFileType = sourcecode.swift; path = Menu.swift; sourceTree = "<group>"; };
		2E230AF7215A73BD00280871 /* UIView+ConstraintHelpers.swift */ = {isa = PBXFileReference; lastKnownFileType = sourcecode.swift; path = "UIView+ConstraintHelpers.swift"; sourceTree = "<group>"; };
		2ECE7B14215AA91C00239802 /* ShortcutsViewController.swift */ = {isa = PBXFileReference; lastKnownFileType = sourcecode.swift; path = ShortcutsViewController.swift; sourceTree = "<group>"; };
		2ECE7B26215AAB1B00239802 /* Intents.intentdefinition */ = {isa = PBXFileReference; lastKnownFileType = file.intentdefinition; path = Intents.intentdefinition; sourceTree = "<group>"; };
		2ECE7B28215AAF9400239802 /* Siri Menu.entitlements */ = {isa = PBXFileReference; lastKnownFileType = text.plist.entitlements; path = "Siri Menu.entitlements"; sourceTree = "<group>"; };
		2ECE7B2D215AB0DE00239802 /* Menu Intent.appex */ = {isa = PBXFileReference; explicitFileType = "wrapper.app-extension"; includeInIndex = 0; path = "Menu Intent.appex"; sourceTree = BUILT_PRODUCTS_DIR; };
		2ECE7B2F215AB0DE00239802 /* IntentHandler.swift */ = {isa = PBXFileReference; lastKnownFileType = sourcecode.swift; path = IntentHandler.swift; sourceTree = "<group>"; };
		2ECE7B31215AB0DE00239802 /* Info.plist */ = {isa = PBXFileReference; lastKnownFileType = text.plist.xml; path = Info.plist; sourceTree = "<group>"; };
		2ECE7B38215AB12500239802 /* MenuIntentHandler.swift */ = {isa = PBXFileReference; lastKnownFileType = sourcecode.swift; path = MenuIntentHandler.swift; sourceTree = "<group>"; };
		2ECE7B3C215AB96200239802 /* Menu Intent.entitlements */ = {isa = PBXFileReference; lastKnownFileType = text.plist.entitlements; path = "Menu Intent.entitlements"; sourceTree = "<group>"; };
/* End PBXFileReference section */

/* Begin PBXFrameworksBuildPhase section */
		2E230AD9215A70F500280871 /* Frameworks */ = {
			isa = PBXFrameworksBuildPhase;
			buildActionMask = 2147483647;
			files = (
			);
			runOnlyForDeploymentPostprocessing = 0;
		};
		2ECE7B2A215AB0DE00239802 /* Frameworks */ = {
			isa = PBXFrameworksBuildPhase;
			buildActionMask = 2147483647;
			files = (
			);
			runOnlyForDeploymentPostprocessing = 0;
		};
/* End PBXFrameworksBuildPhase section */

/* Begin PBXGroup section */
		2E230AD3215A70F500280871 = {
			isa = PBXGroup;
			children = (
				2E230ADE215A70F500280871 /* Siri Menu */,
				2ECE7B2E215AB0DE00239802 /* Menu Intent */,
				2E230ADD215A70F500280871 /* Products */,
			);
			sourceTree = "<group>";
		};
		2E230ADD215A70F500280871 /* Products */ = {
			isa = PBXGroup;
			children = (
				2E230ADC215A70F500280871 /* Siri Menu.app */,
				2ECE7B2D215AB0DE00239802 /* Menu Intent.appex */,
			);
			name = Products;
			sourceTree = "<group>";
		};
		2E230ADE215A70F500280871 /* Siri Menu */ = {
			isa = PBXGroup;
			children = (
				2ECE7B28215AAF9400239802 /* Siri Menu.entitlements */,
				2E230ADF215A70F500280871 /* AppDelegate.swift */,
				2E230AE1215A70F500280871 /* ViewController.swift */,
				2E230AF5215A72F600280871 /* Menu.swift */,
				2E230AF3215A712000280871 /* DocxParserViewController.swift */,
				2ECE7B14215AA91C00239802 /* ShortcutsViewController.swift */,
				2E230AF7215A73BD00280871 /* UIView+ConstraintHelpers.swift */,
				2ECE7B26215AAB1B00239802 /* Intents.intentdefinition */,
				2E230AE3215A70F500280871 /* Main.storyboard */,
				2E230AE6215A70F600280871 /* Assets.xcassets */,
				2E230AE8215A70F600280871 /* LaunchScreen.storyboard */,
				2E230AEB215A70F600280871 /* Info.plist */,
				2E230AF1215A710800280871 /* Sample Menu.docx */,
			);
			path = "Siri Menu";
			sourceTree = "<group>";
		};
		2ECE7B2E215AB0DE00239802 /* Menu Intent */ = {
			isa = PBXGroup;
			children = (
				2ECE7B3C215AB96200239802 /* Menu Intent.entitlements */,
				2ECE7B2F215AB0DE00239802 /* IntentHandler.swift */,
				2ECE7B38215AB12500239802 /* MenuIntentHandler.swift */,
				2ECE7B31215AB0DE00239802 /* Info.plist */,
			);
			path = "Menu Intent";
			sourceTree = "<group>";
		};
/* End PBXGroup section */

/* Begin PBXNativeTarget section */
		2E230ADB215A70F500280871 /* Siri Menu */ = {
			isa = PBXNativeTarget;
			buildConfigurationList = 2E230AEE215A70F600280871 /* Build configuration list for PBXNativeTarget "Siri Menu" */;
			buildPhases = (
				2E230AD8215A70F500280871 /* Sources */,
				2E230AD9215A70F500280871 /* Frameworks */,
				2E230ADA215A70F500280871 /* Resources */,
				2ECE7B25215AAB0100239802 /* Embed App Extensions */,
			);
			buildRules = (
			);
			dependencies = (
				2ECE7B33215AB0DE00239802 /* PBXTargetDependency */,
			);
			name = "Siri Menu";
			productName = "Siri Menu";
			productReference = 2E230ADC215A70F500280871 /* Siri Menu.app */;
			productType = "com.apple.product-type.application";
		};
		2ECE7B2C215AB0DE00239802 /* Menu Intent */ = {
			isa = PBXNativeTarget;
			buildConfigurationList = 2ECE7B35215AB0DE00239802 /* Build configuration list for PBXNativeTarget "Menu Intent" */;
			buildPhases = (
				2ECE7B29215AB0DE00239802 /* Sources */,
				2ECE7B2A215AB0DE00239802 /* Frameworks */,
				2ECE7B2B215AB0DE00239802 /* Resources */,
			);
			buildRules = (
			);
			dependencies = (
			);
			name = "Menu Intent";
			productName = "Menu Intent";
			productReference = 2ECE7B2D215AB0DE00239802 /* Menu Intent.appex */;
			productType = "com.apple.product-type.app-extension";
		};
/* End PBXNativeTarget section */

/* Begin PBXProject section */
		2E230AD4215A70F500280871 /* Project object */ = {
			isa = PBXProject;
			attributes = {
				LastSwiftUpdateCheck = 1000;
				LastUpgradeCheck = 1000;
				ORGANIZATIONNAME = "Cal Stephens";
				TargetAttributes = {
					2E230ADB215A70F500280871 = {
						CreatedOnToolsVersion = 10.0;
						SystemCapabilities = {
							com.apple.ApplicationGroups.iOS = {
								enabled = 1;
							};
							com.apple.Siri = {
								enabled = 1;
							};
						};
					};
					2ECE7B2C215AB0DE00239802 = {
						CreatedOnToolsVersion = 10.0;
						SystemCapabilities = {
							com.apple.ApplicationGroups.iOS = {
								enabled = 1;
							};
						};
					};
				};
			};
			buildConfigurationList = 2E230AD7215A70F500280871 /* Build configuration list for PBXProject "Siri Menu" */;
			compatibilityVersion = "Xcode 9.3";
			developmentRegion = en;
			hasScannedForEncodings = 0;
			knownRegions = (
				en,
				Base,
			);
			mainGroup = 2E230AD3215A70F500280871;
			productRefGroup = 2E230ADD215A70F500280871 /* Products */;
			projectDirPath = "";
			projectRoot = "";
			targets = (
				2E230ADB215A70F500280871 /* Siri Menu */,
				2ECE7B2C215AB0DE00239802 /* Menu Intent */,
			);
		};
/* End PBXProject section */

/* Begin PBXResourcesBuildPhase section */
		2E230ADA215A70F500280871 /* Resources */ = {
			isa = PBXResourcesBuildPhase;
			buildActionMask = 2147483647;
			files = (
				2E230AEA215A70F600280871 /* LaunchScreen.storyboard in Resources */,
				2E230AE7215A70F600280871 /* Assets.xcassets in Resources */,
				2E230AF2215A710800280871 /* Sample Menu.docx in Resources */,
				2E230AE5215A70F500280871 /* Main.storyboard in Resources */,
			);
			runOnlyForDeploymentPostprocessing = 0;
		};
		2ECE7B2B215AB0DE00239802 /* Resources */ = {
			isa = PBXResourcesBuildPhase;
			buildActionMask = 2147483647;
			files = (
				2ECE7B3D215AC27800239802 /* Assets.xcassets in Resources */,
			);
			runOnlyForDeploymentPostprocessing = 0;
		};
/* End PBXResourcesBuildPhase section */

/* Begin PBXSourcesBuildPhase section */
		2E230AD8215A70F500280871 /* Sources */ = {
			isa = PBXSourcesBuildPhase;
			buildActionMask = 2147483647;
			files = (
				2ECE7B27215AAB1B00239802 /* Intents.intentdefinition in Sources */,
				2E230AE2215A70F500280871 /* ViewController.swift in Sources */,
				2E230AF4215A712000280871 /* DocxParserViewController.swift in Sources */,
				2E230AF6215A72F600280871 /* Menu.swift in Sources */,
				2E230AF8215A73BD00280871 /* UIView+ConstraintHelpers.swift in Sources */,
				2ECE7B15215AA91C00239802 /* ShortcutsViewController.swift in Sources */,
				2E230AE0215A70F500280871 /* AppDelegate.swift in Sources */,
			);
			runOnlyForDeploymentPostprocessing = 0;
		};
		2ECE7B29215AB0DE00239802 /* Sources */ = {
			isa = PBXSourcesBuildPhase;
			buildActionMask = 2147483647;
			files = (
				2ECE7B3A215AB14800239802 /* Intents.intentdefinition in Sources */,
				2ECE7B30215AB0DE00239802 /* IntentHandler.swift in Sources */,
				2ECE7B3B215AB25600239802 /* Menu.swift in Sources */,
				2ECE7B39215AB12500239802 /* MenuIntentHandler.swift in Sources */,
			);
			runOnlyForDeploymentPostprocessing = 0;
		};
/* End PBXSourcesBuildPhase section */

/* Begin PBXTargetDependency section */
		2ECE7B33215AB0DE00239802 /* PBXTargetDependency */ = {
			isa = PBXTargetDependency;
			target = 2ECE7B2C215AB0DE00239802 /* Menu Intent */;
			targetProxy = 2ECE7B32215AB0DE00239802 /* PBXContainerItemProxy */;
		};
/* End PBXTargetDependency section */

/* Begin PBXVariantGroup section */
		2E230AE3215A70F500280871 /* Main.storyboard */ = {
			isa = PBXVariantGroup;
			children = (
				2E230AE4215A70F500280871 /* Base */,
			);
			name = Main.storyboard;
			sourceTree = "<group>";
		};
		2E230AE8215A70F600280871 /* LaunchScreen.storyboard */ = {
			isa = PBXVariantGroup;
			children = (
				2E230AE9215A70F600280871 /* Base */,
			);
			name = LaunchScreen.storyboard;
			sourceTree = "<group>";
		};
/* End PBXVariantGroup section */

/* Begin XCBuildConfiguration section */
		2E230AEC215A70F600280871 /* Debug */ = {
			isa = XCBuildConfiguration;
			buildSettings = {
				ALWAYS_SEARCH_USER_PATHS = NO;
				CLANG_ANALYZER_NONNULL = YES;
				CLANG_ANALYZER_NUMBER_OBJECT_CONVERSION = YES_AGGRESSIVE;
				CLANG_CXX_LANGUAGE_STANDARD = "gnu++14";
				CLANG_CXX_LIBRARY = "libc++";
				CLANG_ENABLE_MODULES = YES;
				CLANG_ENABLE_OBJC_ARC = YES;
				CLANG_ENABLE_OBJC_WEAK = YES;
				CLANG_WARN_BLOCK_CAPTURE_AUTORELEASING = YES;
				CLANG_WARN_BOOL_CONVERSION = YES;
				CLANG_WARN_COMMA = YES;
				CLANG_WARN_CONSTANT_CONVERSION = YES;
				CLANG_WARN_DEPRECATED_OBJC_IMPLEMENTATIONS = YES;
				CLANG_WARN_DIRECT_OBJC_ISA_USAGE = YES_ERROR;
				CLANG_WARN_DOCUMENTATION_COMMENTS = YES;
				CLANG_WARN_EMPTY_BODY = YES;
				CLANG_WARN_ENUM_CONVERSION = YES;
				CLANG_WARN_INFINITE_RECURSION = YES;
				CLANG_WARN_INT_CONVERSION = YES;
				CLANG_WARN_NON_LITERAL_NULL_CONVERSION = YES;
				CLANG_WARN_OBJC_IMPLICIT_RETAIN_SELF = YES;
				CLANG_WARN_OBJC_LITERAL_CONVERSION = YES;
				CLANG_WARN_OBJC_ROOT_CLASS = YES_ERROR;
				CLANG_WARN_RANGE_LOOP_ANALYSIS = YES;
				CLANG_WARN_STRICT_PROTOTYPES = YES;
				CLANG_WARN_SUSPICIOUS_MOVE = YES;
				CLANG_WARN_UNGUARDED_AVAILABILITY = YES_AGGRESSIVE;
				CLANG_WARN_UNREACHABLE_CODE = YES;
				CLANG_WARN__DUPLICATE_METHOD_MATCH = YES;
				CODE_SIGN_IDENTITY = "iPhone Developer";
				COPY_PHASE_STRIP = NO;
				DEBUG_INFORMATION_FORMAT = dwarf;
				ENABLE_STRICT_OBJC_MSGSEND = YES;
				ENABLE_TESTABILITY = YES;
				GCC_C_LANGUAGE_STANDARD = gnu11;
				GCC_DYNAMIC_NO_PIC = NO;
				GCC_NO_COMMON_BLOCKS = YES;
				GCC_OPTIMIZATION_LEVEL = 0;
				GCC_PREPROCESSOR_DEFINITIONS = (
					"DEBUG=1",
					"$(inherited)",
				);
				GCC_WARN_64_TO_32_BIT_CONVERSION = YES;
				GCC_WARN_ABOUT_RETURN_TYPE = YES_ERROR;
				GCC_WARN_UNDECLARED_SELECTOR = YES;
				GCC_WARN_UNINITIALIZED_AUTOS = YES_AGGRESSIVE;
				GCC_WARN_UNUSED_FUNCTION = YES;
				GCC_WARN_UNUSED_VARIABLE = YES;
				IPHONEOS_DEPLOYMENT_TARGET = 12.0;
				MTL_ENABLE_DEBUG_INFO = INCLUDE_SOURCE;
				MTL_FAST_MATH = YES;
				ONLY_ACTIVE_ARCH = YES;
				SDKROOT = iphoneos;
				SWIFT_ACTIVE_COMPILATION_CONDITIONS = DEBUG;
				SWIFT_OPTIMIZATION_LEVEL = "-Onone";
			};
			name = Debug;
		};
		2E230AED215A70F600280871 /* Release */ = {
			isa = XCBuildConfiguration;
			buildSettings = {
				ALWAYS_SEARCH_USER_PATHS = NO;
				CLANG_ANALYZER_NONNULL = YES;
				CLANG_ANALYZER_NUMBER_OBJECT_CONVERSION = YES_AGGRESSIVE;
				CLANG_CXX_LANGUAGE_STANDARD = "gnu++14";
				CLANG_CXX_LIBRARY = "libc++";
				CLANG_ENABLE_MODULES = YES;
				CLANG_ENABLE_OBJC_ARC = YES;
				CLANG_ENABLE_OBJC_WEAK = YES;
				CLANG_WARN_BLOCK_CAPTURE_AUTORELEASING = YES;
				CLANG_WARN_BOOL_CONVERSION = YES;
				CLANG_WARN_COMMA = YES;
				CLANG_WARN_CONSTANT_CONVERSION = YES;
				CLANG_WARN_DEPRECATED_OBJC_IMPLEMENTATIONS = YES;
				CLANG_WARN_DIRECT_OBJC_ISA_USAGE = YES_ERROR;
				CLANG_WARN_DOCUMENTATION_COMMENTS = YES;
				CLANG_WARN_EMPTY_BODY = YES;
				CLANG_WARN_ENUM_CONVERSION = YES;
				CLANG_WARN_INFINITE_RECURSION = YES;
				CLANG_WARN_INT_CONVERSION = YES;
				CLANG_WARN_NON_LITERAL_NULL_CONVERSION = YES;
				CLANG_WARN_OBJC_IMPLICIT_RETAIN_SELF = YES;
				CLANG_WARN_OBJC_LITERAL_CONVERSION = YES;
				CLANG_WARN_OBJC_ROOT_CLASS = YES_ERROR;
				CLANG_WARN_RANGE_LOOP_ANALYSIS = YES;
				CLANG_WARN_STRICT_PROTOTYPES = YES;
				CLANG_WARN_SUSPICIOUS_MOVE = YES;
				CLANG_WARN_UNGUARDED_AVAILABILITY = YES_AGGRESSIVE;
				CLANG_WARN_UNREACHABLE_CODE = YES;
				CLANG_WARN__DUPLICATE_METHOD_MATCH = YES;
				CODE_SIGN_IDENTITY = "iPhone Developer";
				COPY_PHASE_STRIP = NO;
				DEBUG_INFORMATION_FORMAT = "dwarf-with-dsym";
				ENABLE_NS_ASSERTIONS = NO;
				ENABLE_STRICT_OBJC_MSGSEND = YES;
				GCC_C_LANGUAGE_STANDARD = gnu11;
				GCC_NO_COMMON_BLOCKS = YES;
				GCC_WARN_64_TO_32_BIT_CONVERSION = YES;
				GCC_WARN_ABOUT_RETURN_TYPE = YES_ERROR;
				GCC_WARN_UNDECLARED_SELECTOR = YES;
				GCC_WARN_UNINITIALIZED_AUTOS = YES_AGGRESSIVE;
				GCC_WARN_UNUSED_FUNCTION = YES;
				GCC_WARN_UNUSED_VARIABLE = YES;
				IPHONEOS_DEPLOYMENT_TARGET = 12.0;
				MTL_ENABLE_DEBUG_INFO = NO;
				MTL_FAST_MATH = YES;
				SDKROOT = iphoneos;
				SWIFT_COMPILATION_MODE = wholemodule;
				SWIFT_OPTIMIZATION_LEVEL = "-O";
				VALIDATE_PRODUCT = YES;
			};
			name = Release;
		};
		2E230AEF215A70F600280871 /* Debug */ = {
			isa = XCBuildConfiguration;
			buildSettings = {
				ALWAYS_EMBED_SWIFT_STANDARD_LIBRARIES = YES;
				ASSETCATALOG_COMPILER_APPICON_NAME = AppIcon;
				CODE_SIGN_ENTITLEMENTS = "Siri Menu/Siri Menu.entitlements";
				CODE_SIGN_STYLE = Automatic;
				DEVELOPMENT_TEAM = FZ89A5SZ7C;
				INFOPLIST_FILE = "Siri Menu/Info.plist";
				LD_RUNPATH_SEARCH_PATHS = (
					"$(inherited)",
					"@executable_path/Frameworks",
				);
				PRODUCT_BUNDLE_IDENTIFIER = "tech.calstephens.Siri-Menu";
				PRODUCT_NAME = "$(TARGET_NAME)";
				SWIFT_VERSION = 4.2;
				TARGETED_DEVICE_FAMILY = "1,2";
			};
			name = Debug;
		};
		2E230AF0215A70F600280871 /* Release */ = {
			isa = XCBuildConfiguration;
			buildSettings = {
				ALWAYS_EMBED_SWIFT_STANDARD_LIBRARIES = YES;
				ASSETCATALOG_COMPILER_APPICON_NAME = AppIcon;
				CODE_SIGN_ENTITLEMENTS = "Siri Menu/Siri Menu.entitlements";
				CODE_SIGN_STYLE = Automatic;
				DEVELOPMENT_TEAM = FZ89A5SZ7C;
				INFOPLIST_FILE = "Siri Menu/Info.plist";
				LD_RUNPATH_SEARCH_PATHS = (
					"$(inherited)",
					"@executable_path/Frameworks",
				);
				PRODUCT_BUNDLE_IDENTIFIER = "tech.calstephens.Siri-Menu";
				PRODUCT_NAME = "$(TARGET_NAME)";
				SWIFT_VERSION = 4.2;
				TARGETED_DEVICE_FAMILY = "1,2";
			};
			name = Release;
		};
		2ECE7B36215AB0DE00239802 /* Debug */ = {
			isa = XCBuildConfiguration;
			buildSettings = {
				CODE_SIGN_ENTITLEMENTS = "Menu Intent/Menu Intent.entitlements";
				CODE_SIGN_STYLE = Automatic;
				DEVELOPMENT_TEAM = FZ89A5SZ7C;
				INFOPLIST_FILE = "Menu Intent/Info.plist";
				LD_RUNPATH_SEARCH_PATHS = (
					"$(inherited)",
					"@executable_path/Frameworks",
					"@executable_path/../../Frameworks",
				);
				PRODUCT_BUNDLE_IDENTIFIER = "tech.calstephens.Siri-Menu.Menu-Intent";
				PRODUCT_NAME = "$(TARGET_NAME)";
				SKIP_INSTALL = YES;
				SWIFT_VERSION = 4.2;
				TARGETED_DEVICE_FAMILY = "1,2";
			};
			name = Debug;
		};
		2ECE7B37215AB0DE00239802 /* Release */ = {
			isa = XCBuildConfiguration;
			buildSettings = {
				CODE_SIGN_ENTITLEMENTS = "Menu Intent/Menu Intent.entitlements";
				CODE_SIGN_STYLE = Automatic;
				DEVELOPMENT_TEAM = FZ89A5SZ7C;
				INFOPLIST_FILE = "Menu Intent/Info.plist";
				LD_RUNPATH_SEARCH_PATHS = (
					"$(inherited)",
					"@executable_path/Frameworks",
					"@executable_path/../../Frameworks",
				);
				PRODUCT_BUNDLE_IDENTIFIER = "tech.calstephens.Siri-Menu.Menu-Intent";
				PRODUCT_NAME = "$(TARGET_NAME)";
				SKIP_INSTALL = YES;
				SWIFT_VERSION = 4.2;
				TARGETED_DEVICE_FAMILY = "1,2";
			};
			name = Release;
		};
/* End XCBuildConfiguration section */

/* Begin XCConfigurationList section */
		2E230AD7215A70F500280871 /* Build configuration list for PBXProject "Siri Menu" */ = {
			isa = XCConfigurationList;
			buildConfigurations = (
				2E230AEC215A70F600280871 /* Debug */,
				2E230AED215A70F600280871 /* Release */,
			);
			defaultConfigurationIsVisible = 0;
			defaultConfigurationName = Release;
		};
		2E230AEE215A70F600280871 /* Build configuration list for PBXNativeTarget "Siri Menu" */ = {
			isa = XCConfigurationList;
			buildConfigurations = (
				2E230AEF215A70F600280871 /* Debug */,
				2E230AF0215A70F600280871 /* Release */,
			);
			defaultConfigurationIsVisible = 0;
			defaultConfigurationName = Release;
		};
		2ECE7B35215AB0DE00239802 /* Build configuration list for PBXNativeTarget "Menu Intent" */ = {
			isa = XCConfigurationList;
			buildConfigurations = (
				2ECE7B36215AB0DE00239802 /* Debug */,
				2ECE7B37215AB0DE00239802 /* Release */,
			);
			defaultConfigurationIsVisible = 0;
			defaultConfigurationName = Release;
		};
/* End XCConfigurationList section */
	};
	rootObject = 2E230AD4215A70F500280871 /* Project object */;
}
